
Microsoft Visual Studio Solution File, Format Version 12.00
# Visual Studio 15
VisualStudioVersion = 15.0.28010.2019
MinimumVisualStudioVersion = 10.0.40219.1
Project("{FAE04EC0-301F-11D3-BF4B-00C04F79EFBC}") = "AlmorWeb", "AlmorWeb\AlmorWeb.csproj", "{BCF416CA-3E67-49B1-86C4-4A810FDA6508}"
EndProject
Project("{FAE04EC0-301F-11D3-BF4B-00C04F79EFBC}") = "AlmorAPI", "AlmorAPI\AlmorAPI.csproj", "{938C281F-2367-4E09-AF02-E068112172E8}"
EndProject
Project("{FAE04EC0-301F-11D3-BF4B-00C04F79EFBC}") = "testApi", "testApi\testApi.csproj", "{ED2976C8-D052-43F2-96D1-210D01335E2A}"
EndProject
Global
	GlobalSection(SolutionConfigurationPlatforms) = preSolution
		Debug|Any CPU = Debug|Any CPU
		Release|Any CPU = Release|Any CPU
	EndGlobalSection
	GlobalSection(ProjectConfigurationPlatforms) = postSolution
		{BCF416CA-3E67-49B1-86C4-4A810FDA6508}.Debug|Any CPU.ActiveCfg = Debug|Any CPU
		{BCF416CA-3E67-49B1-86C4-4A810FDA6508}.Debug|Any CPU.Build.0 = Debug|Any CPU
		{BCF416CA-3E67-49B1-86C4-4A810FDA6508}.Release|Any CPU.ActiveCfg = Release|Any CPU
		{BCF416CA-3E67-49B1-86C4-4A810FDA6508}.Release|Any CPU.Build.0 = Release|Any CPU
		{938C281F-2367-4E09-AF02-E068112172E8}.Debug|Any CPU.ActiveCfg = Debug|Any CPU
		{938C281F-2367-4E09-AF02-E068112172E8}.Debug|Any CPU.Build.0 = Debug|Any CPU
		{938C281F-2367-4E09-AF02-E068112172E8}.Release|Any CPU.ActiveCfg = Release|Any CPU
		{938C281F-2367-4E09-AF02-E068112172E8}.Release|Any CPU.Build.0 = Release|Any CPU
		{ED2976C8-D052-43F2-96D1-210D01335E2A}.Debug|Any CPU.ActiveCfg = Debug|Any CPU
		{ED2976C8-D052-43F2-96D1-210D01335E2A}.Debug|Any CPU.Build.0 = Debug|Any CPU
		{ED2976C8-D052-43F2-96D1-210D01335E2A}.Release|Any CPU.ActiveCfg = Release|Any CPU
		{ED2976C8-D052-43F2-96D1-210D01335E2A}.Release|Any CPU.Build.0 = Release|Any CPU
	EndGlobalSection
	GlobalSection(SolutionProperties) = preSolution
		HideSolutionNode = FALSE
	EndGlobalSection
	GlobalSection(ExtensibilityGlobals) = postSolution
		SolutionGuid = {BE896EAC-C1EA-4DD2-ADA9-51EAA808B651}
	EndGlobalSection
EndGlobal
